
Microsoft Visual Studio Solution File, Format Version 12.00
# Visual Studio 15
VisualStudioVersion = 15.0.27130.2020
MinimumVisualStudioVersion = 10.0.40219.1
Project("{FAE04EC0-301F-11D3-BF4B-00C04F79EFBC}") = "WinterDay", "WinterDay\WinterDay.csproj", "{B51823EF-28A0-4BE5-A834-03ACD4A744F0}"
EndProject
Global
	GlobalSection(SolutionConfigurationPlatforms) = preSolution
		Debug|Any CPU = Debug|Any CPU
		Release|Any CPU = Release|Any CPU
	EndGlobalSection
	GlobalSection(ProjectConfigurationPlatforms) = postSolution
		{B51823EF-28A0-4BE5-A834-03ACD4A744F0}.Debug|Any CPU.ActiveCfg = Debug|Any CPU
		{B51823EF-28A0-4BE5-A834-03ACD4A744F0}.Debug|Any CPU.Build.0 = Debug|Any CPU
		{B51823EF-28A0-4BE5-A834-03ACD4A744F0}.Release|Any CPU.ActiveCfg = Release|Any CPU
		{B51823EF-28A0-4BE5-A834-03ACD4A744F0}.Release|Any CPU.Build.0 = Release|Any CPU
	EndGlobalSection
	GlobalSection(SolutionProperties) = preSolution
		HideSolutionNode = FALSE
	EndGlobalSection
	GlobalSection(ExtensibilityGlobals) = postSolution
		SolutionGuid = {1C061162-7DA4-4113-B1E8-2B707E067BA2}
	EndGlobalSection
	GlobalSection(TeamFoundationVersionControl) = preSolution
		SccNumberOfProjects = 2
		SccEnterpriseProvider = {4CA58AB2-18FA-4F8D-95D4-32DDF27D184C}
		SccTeamFoundationServer = https://itic-tfs-app.eil-server.cba.ua.edu/tfs/mis220
		SccLocalPath0 = .
		SccProjectUniqueName1 = WinterDay\\WinterDay.csproj
		SccProjectName1 = WinterDay
		SccLocalPath1 = WinterDay
	EndGlobalSection
EndGlobal
